
Microsoft Visual Studio Solution File, Format Version 12.00
# Visual Studio Version 17
VisualStudioVersion = 17.9.34728.123
MinimumVisualStudioVersion = 10.0.40219.1
Project("{FAE04EC0-301F-11D3-BF4B-00C04F79EFBC}") = "chatApi", "chatApi\chatApi.csproj", "{77175511-131A-4F71-813A-29AE3A760497}"
EndProject
Global
	GlobalSection(SolutionConfigurationPlatforms) = preSolution
		Debug|Any CPU = Debug|Any CPU
		Release|Any CPU = Release|Any CPU
	EndGlobalSection
	GlobalSection(ProjectConfigurationPlatforms) = postSolution
		{77175511-131A-4F71-813A-29AE3A760497}.Debug|Any CPU.ActiveCfg = Debug|Any CPU
		{77175511-131A-4F71-813A-29AE3A760497}.Debug|Any CPU.Build.0 = Debug|Any CPU
		{77175511-131A-4F71-813A-29AE3A760497}.Release|Any CPU.ActiveCfg = Release|Any CPU
		{77175511-131A-4F71-813A-29AE3A760497}.Release|Any CPU.Build.0 = Release|Any CPU
	EndGlobalSection
	GlobalSection(SolutionProperties) = preSolution
		HideSolutionNode = FALSE
	EndGlobalSection
	GlobalSection(ExtensibilityGlobals) = postSolution
		SolutionGuid = {645B1EAD-52F2-4293-B2C0-5AAABC651924}
	EndGlobalSection
EndGlobal
